
Microsoft Visual Studio Solution File, Format Version 12.00
# Visual Studio Version 16
VisualStudioVersion = 16.0.29519.87
MinimumVisualStudioVersion = 10.0.40219.1
Project("{FAE04EC0-301F-11D3-BF4B-00C04F79EFBC}") = "testPact", "src\testPact\testPact.csproj", "{FA76EC72-3F91-43FE-B795-C6683A173E02}"
EndProject
Project("{2150E333-8FDC-42A3-9474-1A3956D46DE8}") = "test", "test", "{9D8DE7DE-0735-49AC-B8E2-8EC859E5EEF5}"
EndProject
Project("{FAE04EC0-301F-11D3-BF4B-00C04F79EFBC}") = "testPact.Api.Tests", "test\testPact.Api.Tests\testPact.Api.Tests.csproj", "{26BA2644-385A-4C2E-A010-4F24F1E2BA06}"
EndProject
Project("{FAE04EC0-301F-11D3-BF4B-00C04F79EFBC}") = "testPact.Tests", "test\testPact.Tests\testPact.Tests.csproj", "{6EF09C8A-6406-4068-AD02-121A5A0F2E12}"
EndProject
Project("{FAE04EC0-301F-11D3-BF4B-00C04F79EFBC}") = "testPact.Api", "src\testPact.Api\testPact.Api.csproj", "{082696D7-3FEB-4079-9048-23FF1F3F8C8F}"
EndProject
Global
	GlobalSection(SolutionConfigurationPlatforms) = preSolution
		Debug|Any CPU = Debug|Any CPU
		Release|Any CPU = Release|Any CPU
	EndGlobalSection
	GlobalSection(ProjectConfigurationPlatforms) = postSolution
		{FA76EC72-3F91-43FE-B795-C6683A173E02}.Debug|Any CPU.ActiveCfg = Debug|Any CPU
		{FA76EC72-3F91-43FE-B795-C6683A173E02}.Debug|Any CPU.Build.0 = Debug|Any CPU
		{FA76EC72-3F91-43FE-B795-C6683A173E02}.Release|Any CPU.ActiveCfg = Release|Any CPU
		{FA76EC72-3F91-43FE-B795-C6683A173E02}.Release|Any CPU.Build.0 = Release|Any CPU
		{26BA2644-385A-4C2E-A010-4F24F1E2BA06}.Debug|Any CPU.ActiveCfg = Debug|Any CPU
		{26BA2644-385A-4C2E-A010-4F24F1E2BA06}.Debug|Any CPU.Build.0 = Debug|Any CPU
		{26BA2644-385A-4C2E-A010-4F24F1E2BA06}.Release|Any CPU.ActiveCfg = Release|Any CPU
		{26BA2644-385A-4C2E-A010-4F24F1E2BA06}.Release|Any CPU.Build.0 = Release|Any CPU
		{6EF09C8A-6406-4068-AD02-121A5A0F2E12}.Debug|Any CPU.ActiveCfg = Debug|Any CPU
		{6EF09C8A-6406-4068-AD02-121A5A0F2E12}.Debug|Any CPU.Build.0 = Debug|Any CPU
		{6EF09C8A-6406-4068-AD02-121A5A0F2E12}.Release|Any CPU.ActiveCfg = Release|Any CPU
		{6EF09C8A-6406-4068-AD02-121A5A0F2E12}.Release|Any CPU.Build.0 = Release|Any CPU
		{082696D7-3FEB-4079-9048-23FF1F3F8C8F}.Debug|Any CPU.ActiveCfg = Debug|Any CPU
		{082696D7-3FEB-4079-9048-23FF1F3F8C8F}.Debug|Any CPU.Build.0 = Debug|Any CPU
		{082696D7-3FEB-4079-9048-23FF1F3F8C8F}.Release|Any CPU.ActiveCfg = Release|Any CPU
		{082696D7-3FEB-4079-9048-23FF1F3F8C8F}.Release|Any CPU.Build.0 = Release|Any CPU
	EndGlobalSection
	GlobalSection(SolutionProperties) = preSolution
		HideSolutionNode = FALSE
	EndGlobalSection
	GlobalSection(NestedProjects) = preSolution
		{26BA2644-385A-4C2E-A010-4F24F1E2BA06} = {9D8DE7DE-0735-49AC-B8E2-8EC859E5EEF5}
		{6EF09C8A-6406-4068-AD02-121A5A0F2E12} = {9D8DE7DE-0735-49AC-B8E2-8EC859E5EEF5}
	EndGlobalSection
	GlobalSection(ExtensibilityGlobals) = postSolution
		SolutionGuid = {2B3F4681-616C-4A9E-9818-194F1BF86D31}
	EndGlobalSection
EndGlobal
