
Microsoft Visual Studio Solution File, Format Version 12.00
# Visual Studio Version 16
VisualStudioVersion = 16.0.29519.87
MinimumVisualStudioVersion = 10.0.40219.1
Project("{FAE04EC0-301F-11D3-BF4B-00C04F79EFBC}") = "testPact", "testPact.csproj", "{FA76EC72-3F91-43FE-B795-C6683A173E02}"
EndProject
Project("{FAE04EC0-301F-11D3-BF4B-00C04F79EFBC}") = "testPact.Tests", "..\testPact.Tests\testPact.Tests.csproj", "{7DBDFA60-4BE2-4B05-9C46-937A873901A6}"
EndProject
Global
	GlobalSection(SolutionConfigurationPlatforms) = preSolution
		Debug|Any CPU = Debug|Any CPU
		Release|Any CPU = Release|Any CPU
	EndGlobalSection
	GlobalSection(ProjectConfigurationPlatforms) = postSolution
		{FA76EC72-3F91-43FE-B795-C6683A173E02}.Debug|Any CPU.ActiveCfg = Debug|Any CPU
		{FA76EC72-3F91-43FE-B795-C6683A173E02}.Debug|Any CPU.Build.0 = Debug|Any CPU
		{FA76EC72-3F91-43FE-B795-C6683A173E02}.Release|Any CPU.ActiveCfg = Release|Any CPU
		{FA76EC72-3F91-43FE-B795-C6683A173E02}.Release|Any CPU.Build.0 = Release|Any CPU
		{7DBDFA60-4BE2-4B05-9C46-937A873901A6}.Debug|Any CPU.ActiveCfg = Debug|Any CPU
		{7DBDFA60-4BE2-4B05-9C46-937A873901A6}.Debug|Any CPU.Build.0 = Debug|Any CPU
		{7DBDFA60-4BE2-4B05-9C46-937A873901A6}.Release|Any CPU.ActiveCfg = Release|Any CPU
		{7DBDFA60-4BE2-4B05-9C46-937A873901A6}.Release|Any CPU.Build.0 = Release|Any CPU
	EndGlobalSection
	GlobalSection(SolutionProperties) = preSolution
		HideSolutionNode = FALSE
	EndGlobalSection
	GlobalSection(ExtensibilityGlobals) = postSolution
		SolutionGuid = {2B3F4681-616C-4A9E-9818-194F1BF86D31}
	EndGlobalSection
EndGlobal
